Microsoft Visual Studio Solution File, Format Version 12.00
# Visual Studio Version 17
VisualStudioVersion = 17.0.31903.59
MinimumVisualStudioVersion = 10.0.40219.1
Project("{FAE04EC0-301F-11D3-BF4B-00C04F79EFBC}") = "Application", "Application\Application.csproj", "{5E3B3EEC-6003-4C64-8513-492A4E1E65EA}"
EndProject
Project("{FAE04EC0-301F-11D3-BF4B-00C04F79EFBC}") = "Domain", "Domain\Domain.csproj", "{A0016428-744B-4D0B-A8FB-59B36AA09A1C}"
EndProject
Project("{FAE04EC0-301F-11D3-BF4B-00C04F79EFBC}") = "SharedKernel", "SharedKernel\SharedKernel.csproj", "{118D56A6-12CB-4771-AFDC-6AF3790FD4F1}"
EndProject
Project("{FAE04EC0-301F-11D3-BF4B-00C04F79EFBC}") = "Persistence", "Persistence\Persistence.csproj", "{0FE35807-85A4-4A0A-A8F4-705948A915D8}"
EndProject
Project("{FAE04EC0-301F-11D3-BF4B-00C04F79EFBC}") = "Tests", "Tests\Tests.csproj", "{20586630-DA17-4C28-8F43-FFD796C346EF}"
EndProject
Project("{FAE04EC0-301F-11D3-BF4B-00C04F79EFBC}") = "Infraestructure", "Infraestructure\Infraestructure.csproj", "{38C06AAC-C5A8-4CC0-813B-87B1EC38E0E4}"
EndProject
Project("{FAE04EC0-301F-11D3-BF4B-00C04F79EFBC}") = "IntegrationTests", "IntegrationTests\IntegrationTests.csproj", "{D60C3D7D-5EB3-43E0-A2B3-19252A53D847}"
EndProject
Project("{FAE04EC0-301F-11D3-BF4B-00C04F79EFBC}") = "WebApi", "WebApi\WebApi.csproj", "{6F4D43B2-F6D6-40AA-90E1-2DA12157A97B}"
EndProject
Global
	GlobalSection(SolutionConfigurationPlatforms) = preSolution
		Debug|Any CPU = Debug|Any CPU
		Release|Any CPU = Release|Any CPU
	EndGlobalSection
	GlobalSection(SolutionProperties) = preSolution
		HideSolutionNode = FALSE
	EndGlobalSection
	GlobalSection(ProjectConfigurationPlatforms) = postSolution
		{5E3B3EEC-6003-4C64-8513-492A4E1E65EA}.Debug|Any CPU.ActiveCfg = Debug|Any CPU
		{5E3B3EEC-6003-4C64-8513-492A4E1E65EA}.Debug|Any CPU.Build.0 = Debug|Any CPU
		{5E3B3EEC-6003-4C64-8513-492A4E1E65EA}.Release|Any CPU.ActiveCfg = Release|Any CPU
		{5E3B3EEC-6003-4C64-8513-492A4E1E65EA}.Release|Any CPU.Build.0 = Release|Any CPU
		{A0016428-744B-4D0B-A8FB-59B36AA09A1C}.Debug|Any CPU.ActiveCfg = Debug|Any CPU
		{A0016428-744B-4D0B-A8FB-59B36AA09A1C}.Debug|Any CPU.Build.0 = Debug|Any CPU
		{A0016428-744B-4D0B-A8FB-59B36AA09A1C}.Release|Any CPU.ActiveCfg = Release|Any CPU
		{A0016428-744B-4D0B-A8FB-59B36AA09A1C}.Release|Any CPU.Build.0 = Release|Any CPU
		{118D56A6-12CB-4771-AFDC-6AF3790FD4F1}.Debug|Any CPU.ActiveCfg = Debug|Any CPU
		{118D56A6-12CB-4771-AFDC-6AF3790FD4F1}.Debug|Any CPU.Build.0 = Debug|Any CPU
		{118D56A6-12CB-4771-AFDC-6AF3790FD4F1}.Release|Any CPU.ActiveCfg = Release|Any CPU
		{118D56A6-12CB-4771-AFDC-6AF3790FD4F1}.Release|Any CPU.Build.0 = Release|Any CPU
		{0FE35807-85A4-4A0A-A8F4-705948A915D8}.Debug|Any CPU.ActiveCfg = Debug|Any CPU
		{0FE35807-85A4-4A0A-A8F4-705948A915D8}.Debug|Any CPU.Build.0 = Debug|Any CPU
		{0FE35807-85A4-4A0A-A8F4-705948A915D8}.Release|Any CPU.ActiveCfg = Release|Any CPU
		{0FE35807-85A4-4A0A-A8F4-705948A915D8}.Release|Any CPU.Build.0 = Release|Any CPU
		{20586630-DA17-4C28-8F43-FFD796C346EF}.Debug|Any CPU.ActiveCfg = Debug|Any CPU
		{20586630-DA17-4C28-8F43-FFD796C346EF}.Debug|Any CPU.Build.0 = Debug|Any CPU
		{20586630-DA17-4C28-8F43-FFD796C346EF}.Release|Any CPU.ActiveCfg = Release|Any CPU
		{20586630-DA17-4C28-8F43-FFD796C346EF}.Release|Any CPU.Build.0 = Release|Any CPU
		{38C06AAC-C5A8-4CC0-813B-87B1EC38E0E4}.Debug|Any CPU.ActiveCfg = Debug|Any CPU
		{38C06AAC-C5A8-4CC0-813B-87B1EC38E0E4}.Debug|Any CPU.Build.0 = Debug|Any CPU
		{38C06AAC-C5A8-4CC0-813B-87B1EC38E0E4}.Release|Any CPU.ActiveCfg = Release|Any CPU
		{38C06AAC-C5A8-4CC0-813B-87B1EC38E0E4}.Release|Any CPU.Build.0 = Release|Any CPU
		{D60C3D7D-5EB3-43E0-A2B3-19252A53D847}.Debug|Any CPU.ActiveCfg = Debug|Any CPU
		{D60C3D7D-5EB3-43E0-A2B3-19252A53D847}.Debug|Any CPU.Build.0 = Debug|Any CPU
		{D60C3D7D-5EB3-43E0-A2B3-19252A53D847}.Release|Any CPU.ActiveCfg = Release|Any CPU
		{D60C3D7D-5EB3-43E0-A2B3-19252A53D847}.Release|Any CPU.Build.0 = Release|Any CPU
		{6F4D43B2-F6D6-40AA-90E1-2DA12157A97B}.Debug|Any CPU.ActiveCfg = Debug|Any CPU
		{6F4D43B2-F6D6-40AA-90E1-2DA12157A97B}.Debug|Any CPU.Build.0 = Debug|Any CPU
		{6F4D43B2-F6D6-40AA-90E1-2DA12157A97B}.Release|Any CPU.ActiveCfg = Release|Any CPU
		{6F4D43B2-F6D6-40AA-90E1-2DA12157A97B}.Release|Any CPU.Build.0 = Release|Any CPU
	EndGlobalSection
EndGlobal
